
Microsoft Visual Studio Solution File, Format Version 12.00
# Visual Studio Version 17
VisualStudioVersion = 17.13.35825.156
MinimumVisualStudioVersion = 10.0.40219.1
Project("{FAE04EC0-301F-11D3-BF4B-00C04F79EFBC}") = "Nauka", "Nauka\Nauka.csproj", "{D8E340DB-9776-4E93-B650-685774BB909F}"
EndProject
Project("{FAE04EC0-301F-11D3-BF4B-00C04F79EFBC}") = "Zadanie 1", "Zadanie 1\Zadanie 1.csproj", "{363F2756-3B10-4AA1-8FF1-A7E9536518B3}"
EndProject
Project("{FAE04EC0-301F-11D3-BF4B-00C04F79EFBC}") = "Zadanie 1 - Rekurencja", "Zadanie 1 - Rekurencja\Zadanie 1 - Rekurencja.csproj", "{C5225D2A-C90B-4762-B5B7-F705C325B9A9}"
EndProject
Project("{FAE04EC0-301F-11D3-BF4B-00C04F79EFBC}") = "Zadanie 2 - Rekurencja", "Zadanie 2 - Rekurencja\Zadanie 2 - Rekurencja.csproj", "{5D5AE261-759F-4DAA-9F75-01F0863DE0E5}"
EndProject
Global
	GlobalSection(SolutionConfigurationPlatforms) = preSolution
		Debug|Any CPU = Debug|Any CPU
		Release|Any CPU = Release|Any CPU
	EndGlobalSection
	GlobalSection(ProjectConfigurationPlatforms) = postSolution
		{D8E340DB-9776-4E93-B650-685774BB909F}.Debug|Any CPU.ActiveCfg = Debug|Any CPU
		{D8E340DB-9776-4E93-B650-685774BB909F}.Debug|Any CPU.Build.0 = Debug|Any CPU
		{D8E340DB-9776-4E93-B650-685774BB909F}.Release|Any CPU.ActiveCfg = Release|Any CPU
		{D8E340DB-9776-4E93-B650-685774BB909F}.Release|Any CPU.Build.0 = Release|Any CPU
		{363F2756-3B10-4AA1-8FF1-A7E9536518B3}.Debug|Any CPU.ActiveCfg = Debug|Any CPU
		{363F2756-3B10-4AA1-8FF1-A7E9536518B3}.Debug|Any CPU.Build.0 = Debug|Any CPU
		{363F2756-3B10-4AA1-8FF1-A7E9536518B3}.Release|Any CPU.ActiveCfg = Release|Any CPU
		{363F2756-3B10-4AA1-8FF1-A7E9536518B3}.Release|Any CPU.Build.0 = Release|Any CPU
		{C5225D2A-C90B-4762-B5B7-F705C325B9A9}.Debug|Any CPU.ActiveCfg = Debug|Any CPU
		{C5225D2A-C90B-4762-B5B7-F705C325B9A9}.Debug|Any CPU.Build.0 = Debug|Any CPU
		{C5225D2A-C90B-4762-B5B7-F705C325B9A9}.Release|Any CPU.ActiveCfg = Release|Any CPU
		{C5225D2A-C90B-4762-B5B7-F705C325B9A9}.Release|Any CPU.Build.0 = Release|Any CPU
		{5D5AE261-759F-4DAA-9F75-01F0863DE0E5}.Debug|Any CPU.ActiveCfg = Debug|Any CPU
		{5D5AE261-759F-4DAA-9F75-01F0863DE0E5}.Debug|Any CPU.Build.0 = Debug|Any CPU
		{5D5AE261-759F-4DAA-9F75-01F0863DE0E5}.Release|Any CPU.ActiveCfg = Release|Any CPU
		{5D5AE261-759F-4DAA-9F75-01F0863DE0E5}.Release|Any CPU.Build.0 = Release|Any CPU
	EndGlobalSection
	GlobalSection(SolutionProperties) = preSolution
		HideSolutionNode = FALSE
	EndGlobalSection
	GlobalSection(ExtensibilityGlobals) = postSolution
		SolutionGuid = {3CDA8783-66D7-405F-8953-13CDD301FF08}
	EndGlobalSection
EndGlobal
